
Microsoft Visual Studio Solution File, Format Version 12.00
# Visual Studio Version 17
VisualStudioVersion = 17.11.35303.130
MinimumVisualStudioVersion = 10.0.40219.1
Project("{FAE04EC0-301F-11D3-BF4B-00C04F79EFBC}") = "ProjectManagementApp", "ProjectManagementApp.csproj", "{799F56E6-524A-413E-A60F-4719AC7602C6}"
EndProject
Global
	GlobalSection(SolutionConfigurationPlatforms) = preSolution
		Debug|Any CPU = Debug|Any CPU
		Release|Any CPU = Release|Any CPU
	EndGlobalSection
	GlobalSection(ProjectConfigurationPlatforms) = postSolution
		{799F56E6-524A-413E-A60F-4719AC7602C6}.Debug|Any CPU.ActiveCfg = Debug|Any CPU
		{799F56E6-524A-413E-A60F-4719AC7602C6}.Debug|Any CPU.Build.0 = Debug|Any CPU
		{799F56E6-524A-413E-A60F-4719AC7602C6}.Release|Any CPU.ActiveCfg = Release|Any CPU
		{799F56E6-524A-413E-A60F-4719AC7602C6}.Release|Any CPU.Build.0 = Release|Any CPU
	EndGlobalSection
	GlobalSection(SolutionProperties) = preSolution
		HideSolutionNode = FALSE
	EndGlobalSection
	GlobalSection(ExtensibilityGlobals) = postSolution
		SolutionGuid = {E9A009C2-5FC0-4474-8DEE-FABEFBCCB3AC}
	EndGlobalSection
EndGlobal
